
Microsoft Visual Studio Solution File, Format Version 12.00
# Visual Studio Version 17
VisualStudioVersion = 17.5.002.0
MinimumVisualStudioVersion = 10.0.40219.1
Project("{9A19103F-16F7-4668-BE54-9A1E7A4F7556}") = "backEnd", "backEnd.csproj", "{F6249D54-189A-4055-9DDA-4DDD2DAC9333}"
EndProject
Global
	GlobalSection(SolutionConfigurationPlatforms) = preSolution
		Debug|Any CPU = Debug|Any CPU
		Release|Any CPU = Release|Any CPU
	EndGlobalSection
	GlobalSection(ProjectConfigurationPlatforms) = postSolution
		{F6249D54-189A-4055-9DDA-4DDD2DAC9333}.Debug|Any CPU.ActiveCfg = Debug|Any CPU
		{F6249D54-189A-4055-9DDA-4DDD2DAC9333}.Debug|Any CPU.Build.0 = Debug|Any CPU
		{F6249D54-189A-4055-9DDA-4DDD2DAC9333}.Release|Any CPU.ActiveCfg = Release|Any CPU
		{F6249D54-189A-4055-9DDA-4DDD2DAC9333}.Release|Any CPU.Build.0 = Release|Any CPU
	EndGlobalSection
	GlobalSection(SolutionProperties) = preSolution
		HideSolutionNode = FALSE
	EndGlobalSection
	GlobalSection(ExtensibilityGlobals) = postSolution
		SolutionGuid = {F9E63415-B57A-459C-8059-CC85146C54DB}
	EndGlobalSection
EndGlobal
